
Microsoft Visual Studio Solution File, Format Version 12.00
# Visual Studio Version 16
VisualStudioVersion = 16.0.32106.194
MinimumVisualStudioVersion = 10.0.40219.1
Project("{FAE04EC0-301F-11D3-BF4B-00C04F79EFBC}") = "PptLyricMaker", "PptLyricMaker\PptLyricMaker.csproj", "{A5FC5ADD-786B-498C-9981-1BE1915991C0}"
EndProject
Global
	GlobalSection(SolutionConfigurationPlatforms) = preSolution
		Debug|Any CPU = Debug|Any CPU
		Release|Any CPU = Release|Any CPU
	EndGlobalSection
	GlobalSection(ProjectConfigurationPlatforms) = postSolution
		{A5FC5ADD-786B-498C-9981-1BE1915991C0}.Debug|Any CPU.ActiveCfg = Debug|Any CPU
		{A5FC5ADD-786B-498C-9981-1BE1915991C0}.Debug|Any CPU.Build.0 = Debug|Any CPU
		{A5FC5ADD-786B-498C-9981-1BE1915991C0}.Release|Any CPU.ActiveCfg = Release|Any CPU
		{A5FC5ADD-786B-498C-9981-1BE1915991C0}.Release|Any CPU.Build.0 = Release|Any CPU
	EndGlobalSection
	GlobalSection(SolutionProperties) = preSolution
		HideSolutionNode = FALSE
	EndGlobalSection
	GlobalSection(ExtensibilityGlobals) = postSolution
		SolutionGuid = {F6DB032A-585B-432D-A7EF-A83ADCE6638A}
	EndGlobalSection
EndGlobal
